
Microsoft Visual Studio Solution File, Format Version 12.00
# Visual Studio 15
VisualStudioVersion = 15.0.27703.2042
MinimumVisualStudioVersion = 10.0.40219.1
Project("{FAE04EC0-301F-11D3-BF4B-00C04F79EFBC}") = "ProcessesHw", "ProcessesHw\ProcessesHw.csproj", "{9775381C-B33B-40F8-9B18-3888EACBE176}"
EndProject
Global
	GlobalSection(SolutionConfigurationPlatforms) = preSolution
		Debug|Any CPU = Debug|Any CPU
		Release|Any CPU = Release|Any CPU
	EndGlobalSection
	GlobalSection(ProjectConfigurationPlatforms) = postSolution
		{9775381C-B33B-40F8-9B18-3888EACBE176}.Debug|Any CPU.ActiveCfg = Debug|Any CPU
		{9775381C-B33B-40F8-9B18-3888EACBE176}.Debug|Any CPU.Build.0 = Debug|Any CPU
		{9775381C-B33B-40F8-9B18-3888EACBE176}.Release|Any CPU.ActiveCfg = Release|Any CPU
		{9775381C-B33B-40F8-9B18-3888EACBE176}.Release|Any CPU.Build.0 = Release|Any CPU
	EndGlobalSection
	GlobalSection(SolutionProperties) = preSolution
		HideSolutionNode = FALSE
	EndGlobalSection
	GlobalSection(ExtensibilityGlobals) = postSolution
		SolutionGuid = {CE43A4A1-2038-4982-B85A-20A00150DCFF}
	EndGlobalSection
EndGlobal
